
Microsoft Visual Studio Solution File, Format Version 12.00
# Visual Studio 15
VisualStudioVersion = 15.0.27428.2005
MinimumVisualStudioVersion = 10.0.40219.1
Project("{FAE04EC0-301F-11D3-BF4B-00C04F79EFBC}") = "serialBat", "serialBat\serialBat.csproj", "{D58E4A2A-0CFE-4C53-A377-DADA0D06CD5F}"
EndProject
Global
	GlobalSection(SolutionConfigurationPlatforms) = preSolution
		Debug|Any CPU = Debug|Any CPU
		Release|Any CPU = Release|Any CPU
	EndGlobalSection
	GlobalSection(ProjectConfigurationPlatforms) = postSolution
		{D58E4A2A-0CFE-4C53-A377-DADA0D06CD5F}.Debug|Any CPU.ActiveCfg = Debug|Any CPU
		{D58E4A2A-0CFE-4C53-A377-DADA0D06CD5F}.Debug|Any CPU.Build.0 = Debug|Any CPU
		{D58E4A2A-0CFE-4C53-A377-DADA0D06CD5F}.Release|Any CPU.ActiveCfg = Release|Any CPU
		{D58E4A2A-0CFE-4C53-A377-DADA0D06CD5F}.Release|Any CPU.Build.0 = Release|Any CPU
	EndGlobalSection
	GlobalSection(SolutionProperties) = preSolution
		HideSolutionNode = FALSE
	EndGlobalSection
	GlobalSection(ExtensibilityGlobals) = postSolution
		SolutionGuid = {A597B466-6687-4C41-98CD-8EAA8A963376}
	EndGlobalSection
EndGlobal
